
Microsoft Visual Studio Solution File, Format Version 12.00
# Visual Studio Version 16
VisualStudioVersion = 16.0.29215.179
MinimumVisualStudioVersion = 10.0.40219.1
Project("{9A19103F-16F7-4668-BE54-9A1E7A4F7556}") = "ConsoleApp", "ConsoleApp\ConsoleApp.csproj", "{0BC10EA5-9101-45B9-B058-9262C9286AE2}"
EndProject
Project("{9A19103F-16F7-4668-BE54-9A1E7A4F7556}") = "DAL", "DAL\DAL.csproj", "{1620A466-B1A3-4E55-9602-5678ECC13F10}"
EndProject
Project("{9A19103F-16F7-4668-BE54-9A1E7A4F7556}") = "BusinessLayer", "BusinessLayer\BusinessLayer.csproj", "{F8205541-A955-40C2-935F-D553BC4A9020}"
EndProject
Project("{9A19103F-16F7-4668-BE54-9A1E7A4F7556}") = "DataTransferObject", "DataTransferObject\DataTransferObject.csproj", "{036B48C6-E667-45FC-806A-9CF5AC182770}"
EndProject
Global
	GlobalSection(SolutionConfigurationPlatforms) = preSolution
		Debug|Any CPU = Debug|Any CPU
		Release|Any CPU = Release|Any CPU
	EndGlobalSection
	GlobalSection(ProjectConfigurationPlatforms) = postSolution
		{0BC10EA5-9101-45B9-B058-9262C9286AE2}.Debug|Any CPU.ActiveCfg = Debug|Any CPU
		{0BC10EA5-9101-45B9-B058-9262C9286AE2}.Debug|Any CPU.Build.0 = Debug|Any CPU
		{0BC10EA5-9101-45B9-B058-9262C9286AE2}.Release|Any CPU.ActiveCfg = Release|Any CPU
		{0BC10EA5-9101-45B9-B058-9262C9286AE2}.Release|Any CPU.Build.0 = Release|Any CPU
		{1620A466-B1A3-4E55-9602-5678ECC13F10}.Debug|Any CPU.ActiveCfg = Debug|Any CPU
		{1620A466-B1A3-4E55-9602-5678ECC13F10}.Debug|Any CPU.Build.0 = Debug|Any CPU
		{1620A466-B1A3-4E55-9602-5678ECC13F10}.Release|Any CPU.ActiveCfg = Release|Any CPU
		{1620A466-B1A3-4E55-9602-5678ECC13F10}.Release|Any CPU.Build.0 = Release|Any CPU
		{F8205541-A955-40C2-935F-D553BC4A9020}.Debug|Any CPU.ActiveCfg = Debug|Any CPU
		{F8205541-A955-40C2-935F-D553BC4A9020}.Debug|Any CPU.Build.0 = Debug|Any CPU
		{F8205541-A955-40C2-935F-D553BC4A9020}.Release|Any CPU.ActiveCfg = Release|Any CPU
		{F8205541-A955-40C2-935F-D553BC4A9020}.Release|Any CPU.Build.0 = Release|Any CPU
		{036B48C6-E667-45FC-806A-9CF5AC182770}.Debug|Any CPU.ActiveCfg = Debug|Any CPU
		{036B48C6-E667-45FC-806A-9CF5AC182770}.Debug|Any CPU.Build.0 = Debug|Any CPU
		{036B48C6-E667-45FC-806A-9CF5AC182770}.Release|Any CPU.ActiveCfg = Release|Any CPU
		{036B48C6-E667-45FC-806A-9CF5AC182770}.Release|Any CPU.Build.0 = Release|Any CPU
	EndGlobalSection
	GlobalSection(SolutionProperties) = preSolution
		HideSolutionNode = FALSE
	EndGlobalSection
	GlobalSection(ExtensibilityGlobals) = postSolution
		SolutionGuid = {562BB26D-FA4D-4454-931C-106817551795}
	EndGlobalSection
EndGlobal
